
Microsoft Visual Studio Solution File, Format Version 10.00
# Visual C++ Express 2008
Project("{8BC9CEB8-8B4A-11D0-8D11-00A0C91BC942}") = "rmac.m3", "rmac.m3\rmac.m3.vcproj", "{C3DEA83C-FBA9-418D-9AB3-DE81874D8763}"
EndProject
Global
	GlobalSection(SolutionConfigurationPlatforms) = preSolution
		Debug|Win32 = Debug|Win32
		Release|Win32 = Release|Win32
	EndGlobalSection
	GlobalSection(ProjectConfigurationPlatforms) = postSolution
		{C3DEA83C-FBA9-418D-9AB3-DE81874D8763}.Debug|Win32.ActiveCfg = Debug|Win32
		{C3DEA83C-FBA9-418D-9AB3-DE81874D8763}.Debug|Win32.Build.0 = Debug|Win32
		{C3DEA83C-FBA9-418D-9AB3-DE81874D8763}.Release|Win32.ActiveCfg = Release|Win32
		{C3DEA83C-FBA9-418D-9AB3-DE81874D8763}.Release|Win32.Build.0 = Release|Win32
	EndGlobalSection
	GlobalSection(SolutionProperties) = preSolution
		HideSolutionNode = FALSE
	EndGlobalSection
EndGlobal
